
Microsoft Visual Studio Solution File, Format Version 12.00
# Visual Studio 15
VisualStudioVersion = 15.0.28307.329
MinimumVisualStudioVersion = 10.0.40219.1
Project("{FAE04EC0-301F-11D3-BF4B-00C04F79EFBC}") = "JD_Vokzal", "JD_Vokzal\JD_Vokzal.csproj", "{6DB7F6C5-7E4A-4588-B090-4DC88A58C0A0}"
EndProject
Global
	GlobalSection(SolutionConfigurationPlatforms) = preSolution
		Debug|Any CPU = Debug|Any CPU
		Release|Any CPU = Release|Any CPU
	EndGlobalSection
	GlobalSection(ProjectConfigurationPlatforms) = postSolution
		{6DB7F6C5-7E4A-4588-B090-4DC88A58C0A0}.Debug|Any CPU.ActiveCfg = Debug|Any CPU
		{6DB7F6C5-7E4A-4588-B090-4DC88A58C0A0}.Debug|Any CPU.Build.0 = Debug|Any CPU
		{6DB7F6C5-7E4A-4588-B090-4DC88A58C0A0}.Release|Any CPU.ActiveCfg = Release|Any CPU
		{6DB7F6C5-7E4A-4588-B090-4DC88A58C0A0}.Release|Any CPU.Build.0 = Release|Any CPU
	EndGlobalSection
	GlobalSection(SolutionProperties) = preSolution
		HideSolutionNode = FALSE
	EndGlobalSection
	GlobalSection(ExtensibilityGlobals) = postSolution
		SolutionGuid = {F2A458FC-4F0B-452C-BF6F-870C2D2D6B39}
	EndGlobalSection
EndGlobal
